
Microsoft Visual Studio Solution File, Format Version 12.00
# Visual Studio Version 17
VisualStudioVersion = 17.8.34525.116
MinimumVisualStudioVersion = 10.0.40219.1
Project("{9A19103F-16F7-4668-BE54-9A1E7A4F7556}") = "PlannerApp", "PlannerApp\PlannerApp.csproj", "{972F93A1-7B71-426C-A38A-07ACCE224DD4}"
EndProject
Project("{9A19103F-16F7-4668-BE54-9A1E7A4F7556}") = "PlannerApp.Shared", "PlannerApp.Shared\PlannerApp.Shared.csproj", "{3C676A9D-DC86-400B-BCC3-94B212B2962B}"
EndProject
Global
	GlobalSection(SolutionConfigurationPlatforms) = preSolution
		Debug|Any CPU = Debug|Any CPU
		Release|Any CPU = Release|Any CPU
	EndGlobalSection
	GlobalSection(ProjectConfigurationPlatforms) = postSolution
		{972F93A1-7B71-426C-A38A-07ACCE224DD4}.Debug|Any CPU.ActiveCfg = Debug|Any CPU
		{972F93A1-7B71-426C-A38A-07ACCE224DD4}.Debug|Any CPU.Build.0 = Debug|Any CPU
		{972F93A1-7B71-426C-A38A-07ACCE224DD4}.Release|Any CPU.ActiveCfg = Release|Any CPU
		{972F93A1-7B71-426C-A38A-07ACCE224DD4}.Release|Any CPU.Build.0 = Release|Any CPU
		{3C676A9D-DC86-400B-BCC3-94B212B2962B}.Debug|Any CPU.ActiveCfg = Debug|Any CPU
		{3C676A9D-DC86-400B-BCC3-94B212B2962B}.Debug|Any CPU.Build.0 = Debug|Any CPU
		{3C676A9D-DC86-400B-BCC3-94B212B2962B}.Release|Any CPU.ActiveCfg = Release|Any CPU
		{3C676A9D-DC86-400B-BCC3-94B212B2962B}.Release|Any CPU.Build.0 = Release|Any CPU
	EndGlobalSection
	GlobalSection(SolutionProperties) = preSolution
		HideSolutionNode = FALSE
	EndGlobalSection
	GlobalSection(ExtensibilityGlobals) = postSolution
		SolutionGuid = {250F0145-876F-4AC6-B05C-AA16D99FCCD8}
	EndGlobalSection
EndGlobal
